
Microsoft Visual Studio Solution File, Format Version 12.00
# Visual Studio Version 16
VisualStudioVersion = 16.6.30114.105
MinimumVisualStudioVersion = 10.0.40219.1
Project("{FAE04EC0-301F-11D3-BF4B-00C04F79EFBC}") = "TaxaJuros", "TaxaJuros\TaxaJuros.csproj", "{FC1BCA36-D53F-40CC-93A6-0097B6DC4BD5}"
EndProject
Project("{FAE04EC0-301F-11D3-BF4B-00C04F79EFBC}") = "TaxaJuros.Tests", "TaxaJuros.Tests\TaxaJuros.Tests.csproj", "{82AD2AB5-3083-4E7F-8B26-F0DCE55EC4C5}"
EndProject
Project("{FAE04EC0-301F-11D3-BF4B-00C04F79EFBC}") = "CalculaJuros", "CalculaJuros\CalculaJuros.csproj", "{F0AAFC46-B719-46FD-AA0C-784B13314E6B}"
EndProject
Project("{FAE04EC0-301F-11D3-BF4B-00C04F79EFBC}") = "CalculaJuros.Tests", "CalculaJuros.Tests\CalculaJuros.Tests.csproj", "{1A5CC8C5-CEC2-4A0E-BD03-FF5C8DB915C8}"
EndProject
Global
	GlobalSection(SolutionConfigurationPlatforms) = preSolution
		Debug|Any CPU = Debug|Any CPU
		Debug|x64 = Debug|x64
		Debug|x86 = Debug|x86
		Release|Any CPU = Release|Any CPU
		Release|x64 = Release|x64
		Release|x86 = Release|x86
	EndGlobalSection
	GlobalSection(SolutionProperties) = preSolution
		HideSolutionNode = FALSE
	EndGlobalSection
	GlobalSection(ProjectConfigurationPlatforms) = postSolution
		{FC1BCA36-D53F-40CC-93A6-0097B6DC4BD5}.Debug|Any CPU.ActiveCfg = Debug|Any CPU
		{FC1BCA36-D53F-40CC-93A6-0097B6DC4BD5}.Debug|Any CPU.Build.0 = Debug|Any CPU
		{FC1BCA36-D53F-40CC-93A6-0097B6DC4BD5}.Debug|x64.ActiveCfg = Debug|Any CPU
		{FC1BCA36-D53F-40CC-93A6-0097B6DC4BD5}.Debug|x64.Build.0 = Debug|Any CPU
		{FC1BCA36-D53F-40CC-93A6-0097B6DC4BD5}.Debug|x86.ActiveCfg = Debug|Any CPU
		{FC1BCA36-D53F-40CC-93A6-0097B6DC4BD5}.Debug|x86.Build.0 = Debug|Any CPU
		{FC1BCA36-D53F-40CC-93A6-0097B6DC4BD5}.Release|Any CPU.ActiveCfg = Release|Any CPU
		{FC1BCA36-D53F-40CC-93A6-0097B6DC4BD5}.Release|Any CPU.Build.0 = Release|Any CPU
		{FC1BCA36-D53F-40CC-93A6-0097B6DC4BD5}.Release|x64.ActiveCfg = Release|Any CPU
		{FC1BCA36-D53F-40CC-93A6-0097B6DC4BD5}.Release|x64.Build.0 = Release|Any CPU
		{FC1BCA36-D53F-40CC-93A6-0097B6DC4BD5}.Release|x86.ActiveCfg = Release|Any CPU
		{FC1BCA36-D53F-40CC-93A6-0097B6DC4BD5}.Release|x86.Build.0 = Release|Any CPU
		{82AD2AB5-3083-4E7F-8B26-F0DCE55EC4C5}.Debug|Any CPU.ActiveCfg = Debug|Any CPU
		{82AD2AB5-3083-4E7F-8B26-F0DCE55EC4C5}.Debug|Any CPU.Build.0 = Debug|Any CPU
		{82AD2AB5-3083-4E7F-8B26-F0DCE55EC4C5}.Debug|x64.ActiveCfg = Debug|Any CPU
		{82AD2AB5-3083-4E7F-8B26-F0DCE55EC4C5}.Debug|x64.Build.0 = Debug|Any CPU
		{82AD2AB5-3083-4E7F-8B26-F0DCE55EC4C5}.Debug|x86.ActiveCfg = Debug|Any CPU
		{82AD2AB5-3083-4E7F-8B26-F0DCE55EC4C5}.Debug|x86.Build.0 = Debug|Any CPU
		{82AD2AB5-3083-4E7F-8B26-F0DCE55EC4C5}.Release|Any CPU.ActiveCfg = Release|Any CPU
		{82AD2AB5-3083-4E7F-8B26-F0DCE55EC4C5}.Release|Any CPU.Build.0 = Release|Any CPU
		{82AD2AB5-3083-4E7F-8B26-F0DCE55EC4C5}.Release|x64.ActiveCfg = Release|Any CPU
		{82AD2AB5-3083-4E7F-8B26-F0DCE55EC4C5}.Release|x64.Build.0 = Release|Any CPU
		{82AD2AB5-3083-4E7F-8B26-F0DCE55EC4C5}.Release|x86.ActiveCfg = Release|Any CPU
		{82AD2AB5-3083-4E7F-8B26-F0DCE55EC4C5}.Release|x86.Build.0 = Release|Any CPU
		{F0AAFC46-B719-46FD-AA0C-784B13314E6B}.Debug|Any CPU.ActiveCfg = Debug|Any CPU
		{F0AAFC46-B719-46FD-AA0C-784B13314E6B}.Debug|Any CPU.Build.0 = Debug|Any CPU
		{F0AAFC46-B719-46FD-AA0C-784B13314E6B}.Debug|x64.ActiveCfg = Debug|Any CPU
		{F0AAFC46-B719-46FD-AA0C-784B13314E6B}.Debug|x64.Build.0 = Debug|Any CPU
		{F0AAFC46-B719-46FD-AA0C-784B13314E6B}.Debug|x86.ActiveCfg = Debug|Any CPU
		{F0AAFC46-B719-46FD-AA0C-784B13314E6B}.Debug|x86.Build.0 = Debug|Any CPU
		{F0AAFC46-B719-46FD-AA0C-784B13314E6B}.Release|Any CPU.ActiveCfg = Release|Any CPU
		{F0AAFC46-B719-46FD-AA0C-784B13314E6B}.Release|Any CPU.Build.0 = Release|Any CPU
		{F0AAFC46-B719-46FD-AA0C-784B13314E6B}.Release|x64.ActiveCfg = Release|Any CPU
		{F0AAFC46-B719-46FD-AA0C-784B13314E6B}.Release|x64.Build.0 = Release|Any CPU
		{F0AAFC46-B719-46FD-AA0C-784B13314E6B}.Release|x86.ActiveCfg = Release|Any CPU
		{F0AAFC46-B719-46FD-AA0C-784B13314E6B}.Release|x86.Build.0 = Release|Any CPU
		{1A5CC8C5-CEC2-4A0E-BD03-FF5C8DB915C8}.Debug|Any CPU.ActiveCfg = Debug|Any CPU
		{1A5CC8C5-CEC2-4A0E-BD03-FF5C8DB915C8}.Debug|Any CPU.Build.0 = Debug|Any CPU
		{1A5CC8C5-CEC2-4A0E-BD03-FF5C8DB915C8}.Debug|x64.ActiveCfg = Debug|Any CPU
		{1A5CC8C5-CEC2-4A0E-BD03-FF5C8DB915C8}.Debug|x64.Build.0 = Debug|Any CPU
		{1A5CC8C5-CEC2-4A0E-BD03-FF5C8DB915C8}.Debug|x86.ActiveCfg = Debug|Any CPU
		{1A5CC8C5-CEC2-4A0E-BD03-FF5C8DB915C8}.Debug|x86.Build.0 = Debug|Any CPU
		{1A5CC8C5-CEC2-4A0E-BD03-FF5C8DB915C8}.Release|Any CPU.ActiveCfg = Release|Any CPU
		{1A5CC8C5-CEC2-4A0E-BD03-FF5C8DB915C8}.Release|Any CPU.Build.0 = Release|Any CPU
		{1A5CC8C5-CEC2-4A0E-BD03-FF5C8DB915C8}.Release|x64.ActiveCfg = Release|Any CPU
		{1A5CC8C5-CEC2-4A0E-BD03-FF5C8DB915C8}.Release|x64.Build.0 = Release|Any CPU
		{1A5CC8C5-CEC2-4A0E-BD03-FF5C8DB915C8}.Release|x86.ActiveCfg = Release|Any CPU
		{1A5CC8C5-CEC2-4A0E-BD03-FF5C8DB915C8}.Release|x86.Build.0 = Release|Any CPU
	EndGlobalSection
EndGlobal
